
Microsoft Visual Studio Solution File, Format Version 12.00
# Visual Studio 15
VisualStudioVersion = 15.0.28307.779
MinimumVisualStudioVersion = 10.0.40219.1
Project("{FAE04EC0-301F-11D3-BF4B-00C04F79EFBC}") = "VueCoreApp", "VueCoreApp\VueCoreApp.csproj", "{7FAF838F-AFBD-4F63-9C4A-4673C382284A}"
EndProject
Global
	GlobalSection(SolutionConfigurationPlatforms) = preSolution
		Debug|Any CPU = Debug|Any CPU
		Release|Any CPU = Release|Any CPU
	EndGlobalSection
	GlobalSection(ProjectConfigurationPlatforms) = postSolution
		{7FAF838F-AFBD-4F63-9C4A-4673C382284A}.Debug|Any CPU.ActiveCfg = Debug|Any CPU
		{7FAF838F-AFBD-4F63-9C4A-4673C382284A}.Debug|Any CPU.Build.0 = Debug|Any CPU
		{7FAF838F-AFBD-4F63-9C4A-4673C382284A}.Release|Any CPU.ActiveCfg = Release|Any CPU
		{7FAF838F-AFBD-4F63-9C4A-4673C382284A}.Release|Any CPU.Build.0 = Release|Any CPU
	EndGlobalSection
	GlobalSection(SolutionProperties) = preSolution
		HideSolutionNode = FALSE
	EndGlobalSection
	GlobalSection(ExtensibilityGlobals) = postSolution
		SolutionGuid = {D8269740-9B45-4588-BBC5-F378F2146941}
	EndGlobalSection
EndGlobal
